version = 1
revision = 3
requires-python = ">=3.13"

[[package]]
name = "cflib2"
version = "0.1.0"
source = { git = "https://github.com/bitcraze/crazyflie-lib-python-v2.git?rev=3436e46306a196740748e7bdbb0fda926899b0c9#3436e46306a196740748e7bdbb0fda926899b0c9" }
dependencies = [
    { name = "packaging" },
    { name = "tyro" },
]

[[package]]
name = "crazyflie-jukebox"
version = "0.1.0"
source = { virtual = "." }
dependencies = [
    { name = "cflib2" },
    { name = "mido" },
]

[package.metadata]
requires-dist = [
    { name = "cflib2", git = "https://github.com/bitcraze/crazyflie-lib-python-v2.git?rev=3436e46306a196740748e7bdbb0fda926899b0c9" },
    { name = "mido", specifier = ">=1.3.3" },
]

[[package]]
name = "docstring-parser"
version = "0.17.0"
source = { registry = "https://pypi.org/simple" }
sdist = { url = "https://files.pythonhosted.org/packages/b2/9d/c3b43da9515bd270df0f80548d9944e389870713cc1fe2b8fb35fe2bcefd/docstring_parser-0.17.0.tar.gz", hash = "sha256:583de4a309722b3315439bb31d64ba3eebada841f2e2cee23b99df001434c912", size = 27442, upload-time = "2025-07-21T07:35:01.868Z" }
wheels = [
    { url = "https://files.pythonhosted.org/packages/55/e2/2537ebcff11c1ee1ff17d8d0b6f4db75873e3b0fb32c2d4a2ee31ecb310a/docstring_parser-0.17.0-py3-none-any.whl", hash = "sha256:cf2569abd23dce8099b300f9b4fa8191e9582dda731fd533daf54c4551658708", size = 36896, upload-time = "2025-07-21T07:35:00.684Z" },
]

[[package]]
name = "mido"
version = "1.3.3"
source = { registry = "https://pypi.org/simple" }
dependencies = [
    { name = "packaging" },
]
sdist = { url = "https://files.pythonhosted.org/packages/23/14/cfda3fe61ce4c0f50a9f707ae02b46cb53211732b2cd4522bf06272848f4/mido-1.3.3.tar.gz", hash = "sha256:1aecb30b7f282404f17e43768cbf74a6a31bf22b3b783bdd117a1ce9d22cb74c", size = 124288, upload-time = "2024-10-25T15:05:21.847Z" }
wheels = [
    { url = "https://files.pythonhosted.org/packages/fd/28/45deb15c11859d2f10702b32e71de9328a9fa494f989626916db39a9617f/mido-1.3.3-py3-none-any.whl", hash = "sha256:01033c9b10b049e4436fca2762194ca839b09a4334091dd3c34e7f4ae674fd8a", size = 54614, upload-time = "2024-10-25T15:05:20.349Z" },
]

[[package]]
name = "packaging"
version = "25.0"
source = { registry = "https://pypi.org/simple" }
sdist = { url = "https://files.pythonhosted.org/packages/a1/d4/1fc4078c65507b51b96ca8f8c3ba19e6a61c8253c72794544580a7b6c24d/packaging-25.0.tar.gz", hash = "sha256:d443872c98d677bf60f6a1f2f8c1cb748e8fe762d2bf9d3148b5599295b0fc4f", size = 165727, upload-time = "2025-04-19T11:48:59.673Z" }
wheels = [
    { url = "https://files.pythonhosted.org/packages/20/12/38679034af332785aac8774540895e234f4d07f7545804097de4b666afd8/packaging-25.0-py3-none-any.whl", hash = "sha256:29572ef2b1f17581046b3a2227d5c611fb25ec70ca1ba8554b24b0e69331a484", size = 66469, upload-time = "2025-04-19T11:48:57.875Z" },
]

[[package]]
name = "typeguard"
version = "4.5.1"
source = { registry = "https://pypi.org/simple" }
dependencies = [
    { name = "typing-extensions" },
]
sdist = { url = "https://files.pythonhosted.org/packages/2b/e8/66e25efcc18542d58706ce4e50415710593721aae26e794ab1dec34fb66f/typeguard-4.5.1.tar.gz", hash = "sha256:f6f8ecbbc819c9bc749983cc67c02391e16a9b43b8b27f15dc70ed7c4a007274", size = 80121, upload-time = "2026-02-19T16:09:03.392Z" }
wheels = [
    { url = "https://files.pythonhosted.org/packages/91/88/b55b3117287a8540b76dbdd87733808d4d01c8067a3b339408c250bb3600/typeguard-4.5.1-py3-none-any.whl", hash = "sha256:44d2bf329d49a244110a090b55f5f91aa82d9a9834ebfd30bcc73651e4a8cc40", size = 36745, upload-time = "2026-02-19T16:09:01.6Z" },
]

[[package]]
name = "typing-extensions"
version = "4.15.0"
source = { registry = "https://pypi.org/simple" }
sdist = { url = "https://files.pythonhosted.org/packages/72/94/1a15dd82efb362ac84269196e94cf00f187f7ed21c242792a923cdb1c61f/typing_extensions-4.15.0.tar.gz", hash = "sha256:0cea48d173cc12fa28ecabc3b837ea3cf6f38c6d1136f85cbaaf598984861466", size = 109391, upload-time = "2025-08-25T13:49:26.313Z" }
wheels = [
    { url = "https://files.pythonhosted.org/packages/18/67/36e9267722cc04a6b9f15c7f3441c2363321a3ea07da7ae0c0707beb2a9c/typing_extensions-4.15.0-py3-none-any.whl", hash = "sha256:f0fa19c6845758ab08074a0cfa8b7aecb71c999ca73d62883bc25cc018c4e548", size = 44614, upload-time = "2025-08-25T13:49:24.86Z" },
]

[[package]]
name = "tyro"
version = "1.0.8"
source = { registry = "https://pypi.org/simple" }
dependencies = [
    { name = "docstring-parser" },
    { name = "typeguard" },
    { name = "typing-extensions" },
]
sdist = { url = "https://files.pythonhosted.org/packages/9e/89/f4d76ba5ac4ca627c3a0413fdc8d90f202929c45d9c25deec29c9a86a0ae/tyro-1.0.8.tar.gz", hash = "sha256:c22bf238ce029b8cc262759129fccfd968300c3761f00ce186570af3891e14bb", size = 460626, upload-time = "2026-02-25T00:18:45.388Z" }
wheels = [
    { url = "https://files.pythonhosted.org/packages/61/7c/9c5a4ab9e24f1428fd5ab2728b7f68878f54d549a11fa431ead76d3d127b/tyro-1.0.8-py3-none-any.whl", hash = "sha256:abb6a4054f20616d9ca5181ba0c6ae0e35cf8f35ae0c78d3d4dbd1f678e0643d", size = 181935, upload-time = "2026-02-25T00:18:43.689Z" },
]
